
Microsoft Visual Studio Solution File, Format Version 12.00
# Visual Studio 15
Project("{FAE04EC0-301F-11D3-BF4B-00C04F79EFBC}") = "Assembly-CSharp", "Assembly-CSharp.csproj", "{F6030C7D-AAED-4A9F-516A-F5EF90BBA9CA}"
EndProject
Global
	GlobalSection(SolutionConfigurationPlatforms) = preSolution
		Debug|Any CPU = Debug|Any CPU
		Release|Any CPU = Release|Any CPU
	EndGlobalSection
	GlobalSection(ProjectConfigurationPlatforms) = postSolution
		{F6030C7D-AAED-4A9F-516A-F5EF90BBA9CA}.Debug|Any CPU.ActiveCfg = Debug|Any CPU
		{F6030C7D-AAED-4A9F-516A-F5EF90BBA9CA}.Debug|Any CPU.Build.0 = Debug|Any CPU
		{F6030C7D-AAED-4A9F-516A-F5EF90BBA9CA}.Release|Any CPU.ActiveCfg = Release|Any CPU
		{F6030C7D-AAED-4A9F-516A-F5EF90BBA9CA}.Release|Any CPU.Build.0 = Release|Any CPU
	EndGlobalSection
	GlobalSection(SolutionProperties) = preSolution
		HideSolutionNode = FALSE
	EndGlobalSection
EndGlobal
